
Microsoft Visual Studio Solution File, Format Version 12.00
# Visual Studio Version 16
VisualStudioVersion = 16.0.32106.194
MinimumVisualStudioVersion = 10.0.40219.1
Project("{FAE04EC0-301F-11D3-BF4B-00C04F79EFBC}") = "1. Action Point", "1. Action Point\1. Action Point.csproj", "{BD1CB9F7-7038-4903-A03D-2311CE889556}"
EndProject
Global
	GlobalSection(SolutionConfigurationPlatforms) = preSolution
		Debug|Any CPU = Debug|Any CPU
		Release|Any CPU = Release|Any CPU
	EndGlobalSection
	GlobalSection(ProjectConfigurationPlatforms) = postSolution
		{BD1CB9F7-7038-4903-A03D-2311CE889556}.Debug|Any CPU.ActiveCfg = Debug|Any CPU
		{BD1CB9F7-7038-4903-A03D-2311CE889556}.Debug|Any CPU.Build.0 = Debug|Any CPU
		{BD1CB9F7-7038-4903-A03D-2311CE889556}.Release|Any CPU.ActiveCfg = Release|Any CPU
		{BD1CB9F7-7038-4903-A03D-2311CE889556}.Release|Any CPU.Build.0 = Release|Any CPU
	EndGlobalSection
	GlobalSection(SolutionProperties) = preSolution
		HideSolutionNode = FALSE
	EndGlobalSection
	GlobalSection(ExtensibilityGlobals) = postSolution
		SolutionGuid = {0C381326-EA50-421B-A5EB-5097E2F784A6}
	EndGlobalSection
EndGlobal
